// !$*UTF8*$!
{
	archiveVersion = 1;
	classes = {
	};
	objectVersion = 55;
	objects = {

/* Begin PBXBuildFile section */
		806D8AD727E23530002234AB /* Workout.swift in Sources */ = {isa = PBXBuildFile; fileRef = 806D8AD627E23530002234AB /* Workout.swift */; };
		806D8AD927E3790A002234AB /* ExcersiceEditView.swift in Sources */ = {isa = PBXBuildFile; fileRef = 806D8AD827E3790A002234AB /* ExcersiceEditView.swift */; };
		8093847327D7136900AEE52A /* WorkoutTrackerApp.swift in Sources */ = {isa = PBXBuildFile; fileRef = 8093847227D7136900AEE52A /* WorkoutTrackerApp.swift */; };
		8093847527D7136900AEE52A /* WorkoutView.swift in Sources */ = {isa = PBXBuildFile; fileRef = 8093847427D7136900AEE52A /* WorkoutView.swift */; };
		8093847727D7136A00AEE52A /* Assets.xcassets in Resources */ = {isa = PBXBuildFile; fileRef = 8093847627D7136A00AEE52A /* Assets.xcassets */; };
		8093847A27D7136A00AEE52A /* Preview Assets.xcassets in Resources */ = {isa = PBXBuildFile; fileRef = 8093847927D7136A00AEE52A /* Preview Assets.xcassets */; };
		8093847E27D7136A00AEE52A /* workoutTracker WatchKit App.app in Embed Watch Content */ = {isa = PBXBuildFile; fileRef = 8093847D27D7136A00AEE52A /* workoutTracker WatchKit App.app */; settings = {ATTRIBUTES = (RemoveHeadersOnCopy, ); }; };
		8093848327D7136B00AEE52A /* Assets.xcassets in Resources */ = {isa = PBXBuildFile; fileRef = 8093848227D7136B00AEE52A /* Assets.xcassets */; };
		8093848927D7136B00AEE52A /* workoutTracker WatchKit Extension.appex in Embed App Extensions */ = {isa = PBXBuildFile; fileRef = 8093848827D7136B00AEE52A /* workoutTracker WatchKit Extension.appex */; settings = {ATTRIBUTES = (RemoveHeadersOnCopy, ); }; };
		8093848E27D7136B00AEE52A /* workoutTrackerApp.swift in Sources */ = {isa = PBXBuildFile; fileRef = 8093848D27D7136B00AEE52A /* workoutTrackerApp.swift */; };
		8093849027D7136B00AEE52A /* ContentView.swift in Sources */ = {isa = PBXBuildFile; fileRef = 8093848F27D7136B00AEE52A /* ContentView.swift */; };
		8093849227D7136B00AEE52A /* NotificationController.swift in Sources */ = {isa = PBXBuildFile; fileRef = 8093849127D7136B00AEE52A /* NotificationController.swift */; };
		8093849427D7136B00AEE52A /* NotificationView.swift in Sources */ = {isa = PBXBuildFile; fileRef = 8093849327D7136B00AEE52A /* NotificationView.swift */; };
		8093849627D7136B00AEE52A /* ComplicationController.swift in Sources */ = {isa = PBXBuildFile; fileRef = 8093849527D7136B00AEE52A /* ComplicationController.swift */; };
		8093849827D7136B00AEE52A /* Assets.xcassets in Resources */ = {isa = PBXBuildFile; fileRef = 8093849727D7136B00AEE52A /* Assets.xcassets */; };
		8093849B27D7136B00AEE52A /* Preview Assets.xcassets in Resources */ = {isa = PBXBuildFile; fileRef = 8093849A27D7136B00AEE52A /* Preview Assets.xcassets */; };
		809384C827D9B89700AEE52A /* Home.swift in Sources */ = {isa = PBXBuildFile; fileRef = 809384C727D9B89700AEE52A /* Home.swift */; };
		809384CA27D9B8B900AEE52A /* ExcersiceListView.swift in Sources */ = {isa = PBXBuildFile; fileRef = 809384C927D9B8B900AEE52A /* ExcersiceListView.swift */; };
		809384CE27D9BD7200AEE52A /* Account.swift in Sources */ = {isa = PBXBuildFile; fileRef = 809384CD27D9BD7200AEE52A /* Account.swift */; };
		80ED971D27DB0C9300E3B68A /* FirebaseAnalytics in Frameworks */ = {isa = PBXBuildFile; productRef = 80ED971C27DB0C9300E3B68A /* FirebaseAnalytics */; };
		80ED971F27DB0C9300E3B68A /* FirebaseAnalyticsWithoutAdIdSupport in Frameworks */ = {isa = PBXBuildFile; productRef = 80ED971E27DB0C9300E3B68A /* FirebaseAnalyticsWithoutAdIdSupport */; };
		80ED972127DB0C9300E3B68A /* FirebaseAppCheck in Frameworks */ = {isa = PBXBuildFile; productRef = 80ED972027DB0C9300E3B68A /* FirebaseAppCheck */; };
		80ED972327DB0C9300E3B68A /* FirebaseAuth in Frameworks */ = {isa = PBXBuildFile; productRef = 80ED972227DB0C9300E3B68A /* FirebaseAuth */; };
		80ED972527DB0C9300E3B68A /* FirebaseFirestore in Frameworks */ = {isa = PBXBuildFile; productRef = 80ED972427DB0C9300E3B68A /* FirebaseFirestore */; };
		80ED972727DB0C9300E3B68A /* FirebaseFirestoreSwift-Beta in Frameworks */ = {isa = PBXBuildFile; productRef = 80ED972627DB0C9300E3B68A /* FirebaseFirestoreSwift-Beta */; };
		80ED972927DB0C9300E3B68A /* FirebaseFunctions in Frameworks */ = {isa = PBXBuildFile; productRef = 80ED972827DB0C9300E3B68A /* FirebaseFunctions */; };
		80ED972B27DB0C9300E3B68A /* FirebaseFunctionsSwift-Beta in Frameworks */ = {isa = PBXBuildFile; productRef = 80ED972A27DB0C9300E3B68A /* FirebaseFunctionsSwift-Beta */; };
		80ED972D27DB0C9300E3B68A /* FirebaseStorage in Frameworks */ = {isa = PBXBuildFile; productRef = 80ED972C27DB0C9300E3B68A /* FirebaseStorage */; };
		80ED972F27DB0C9300E3B68A /* FirebaseStorageSwift-Beta in Frameworks */ = {isa = PBXBuildFile; productRef = 80ED972E27DB0C9300E3B68A /* FirebaseStorageSwift-Beta */; };
		80ED973527DB13F000E3B68A /* GoogleService-Info.plist in Resources */ = {isa = PBXBuildFile; fileRef = 80ED973427DB13F000E3B68A /* GoogleService-Info.plist */; };
		80ED977427DE93F000E3B68A /* Excercise.swift in Sources */ = {isa = PBXBuildFile; fileRef = 80ED977327DE93F000E3B68A /* Excercise.swift */; };
		80ED977827DEE08700E3B68A /* CardView.swift in Sources */ = {isa = PBXBuildFile; fileRef = 80ED977727DEE08700E3B68A /* CardView.swift */; };
		80ED977A27E10CEE00E3B68A /* DetailView.swift in Sources */ = {isa = PBXBuildFile; fileRef = 80ED977927E10CEE00E3B68A /* DetailView.swift */; };
/* End PBXBuildFile section */

/* Begin PBXContainerItemProxy section */
		8093847F27D7136A00AEE52A /* PBXContainerItemProxy */ = {
			isa = PBXContainerItemProxy;
			containerPortal = 8093846727D7136900AEE52A /* Project object */;
			proxyType = 1;
			remoteGlobalIDString = 8093847C27D7136A00AEE52A;
			remoteInfo = "workoutTracker WatchKit App";
		};
		8093848A27D7136B00AEE52A /* PBXContainerItemProxy */ = {
			isa = PBXContainerItemProxy;
			containerPortal = 8093846727D7136900AEE52A /* Project object */;
			proxyType = 1;
			remoteGlobalIDString = 8093848727D7136B00AEE52A;
			remoteInfo = "workoutTracker WatchKit Extension";
		};
/* End PBXContainerItemProxy section */

/* Begin PBXCopyFilesBuildPhase section */
		809384A327D7136B00AEE52A /* Embed App Extensions */ = {
			isa = PBXCopyFilesBuildPhase;
			buildActionMask = 2147483647;
			dstPath = "";
			dstSubfolderSpec = 13;
			files = (
				8093848927D7136B00AEE52A /* workoutTracker WatchKit Extension.appex in Embed App Extensions */,
			);
			name = "Embed App Extensions";
			runOnlyForDeploymentPostprocessing = 0;
		};
		809384A727D7136B00AEE52A /* Embed Watch Content */ = {
			isa = PBXCopyFilesBuildPhase;
			buildActionMask = 2147483647;
			dstPath = "$(CONTENTS_FOLDER_PATH)/Watch";
			dstSubfolderSpec = 16;
			files = (
				8093847E27D7136A00AEE52A /* workoutTracker WatchKit App.app in Embed Watch Content */,
			);
			name = "Embed Watch Content";
			runOnlyForDeploymentPostprocessing = 0;
		};
/* End PBXCopyFilesBuildPhase section */

/* Begin PBXFileReference section */
		806D8AD627E23530002234AB /* Workout.swift */ = {isa = PBXFileReference; lastKnownFileType = sourcecode.swift; path = Workout.swift; sourceTree = "<group>"; };
		806D8AD827E3790A002234AB /* ExcersiceEditView.swift */ = {isa = PBXFileReference; lastKnownFileType = sourcecode.swift; path = ExcersiceEditView.swift; sourceTree = "<group>"; };
		8093846F27D7136900AEE52A /* workoutTracker.app */ = {isa = PBXFileReference; explicitFileType = wrapper.application; includeInIndex = 0; path = workoutTracker.app; sourceTree = BUILT_PRODUCTS_DIR; };
		8093847227D7136900AEE52A /* WorkoutTrackerApp.swift */ = {isa = PBXFileReference; lastKnownFileType = sourcecode.swift; path = WorkoutTrackerApp.swift; sourceTree = "<group>"; };
		8093847427D7136900AEE52A /* WorkoutView.swift */ = {isa = PBXFileReference; lastKnownFileType = sourcecode.swift; path = WorkoutView.swift; sourceTree = "<group>"; };
		8093847627D7136A00AEE52A /* Assets.xcassets */ = {isa = PBXFileReference; lastKnownFileType = folder.assetcatalog; path = Assets.xcassets; sourceTree = "<group>"; };
		8093847927D7136A00AEE52A /* Preview Assets.xcassets */ = {isa = PBXFileReference; lastKnownFileType = folder.assetcatalog; path = "Preview Assets.xcassets"; sourceTree = "<group>"; };
		8093847D27D7136A00AEE52A /* workoutTracker WatchKit App.app */ = {isa = PBXFileReference; explicitFileType = wrapper.application; includeInIndex = 0; path = "workoutTracker WatchKit App.app"; sourceTree = BUILT_PRODUCTS_DIR; };
		8093848227D7136B00AEE52A /* Assets.xcassets */ = {isa = PBXFileReference; lastKnownFileType = folder.assetcatalog; path = Assets.xcassets; sourceTree = "<group>"; };
		8093848827D7136B00AEE52A /* workoutTracker WatchKit Extension.appex */ = {isa = PBXFileReference; explicitFileType = "wrapper.app-extension"; includeInIndex = 0; path = "workoutTracker WatchKit Extension.appex"; sourceTree = BUILT_PRODUCTS_DIR; };
		8093848D27D7136B00AEE52A /* workoutTrackerApp.swift */ = {isa = PBXFileReference; lastKnownFileType = sourcecode.swift; path = workoutTrackerApp.swift; sourceTree = "<group>"; };
		8093848F27D7136B00AEE52A /* ContentView.swift */ = {isa = PBXFileReference; lastKnownFileType = sourcecode.swift; path = ContentView.swift; sourceTree = "<group>"; };
		8093849127D7136B00AEE52A /* NotificationController.swift */ = {isa = PBXFileReference; lastKnownFileType = sourcecode.swift; path = NotificationController.swift; sourceTree = "<group>"; };
		8093849327D7136B00AEE52A /* NotificationView.swift */ = {isa = PBXFileReference; lastKnownFileType = sourcecode.swift; path = NotificationView.swift; sourceTree = "<group>"; };
		8093849527D7136B00AEE52A /* ComplicationController.swift */ = {isa = PBXFileReference; lastKnownFileType = sourcecode.swift; path = ComplicationController.swift; sourceTree = "<group>"; };
		8093849727D7136B00AEE52A /* Assets.xcassets */ = {isa = PBXFileReference; lastKnownFileType = folder.assetcatalog; path = Assets.xcassets; sourceTree = "<group>"; };
		8093849A27D7136B00AEE52A /* Preview Assets.xcassets */ = {isa = PBXFileReference; lastKnownFileType = folder.assetcatalog; path = "Preview Assets.xcassets"; sourceTree = "<group>"; };
		8093849C27D7136B00AEE52A /* Info.plist */ = {isa = PBXFileReference; lastKnownFileType = text.plist.xml; path = Info.plist; sourceTree = "<group>"; };
		8093849D27D7136B00AEE52A /* PushNotificationPayload.apns */ = {isa = PBXFileReference; lastKnownFileType = text; path = PushNotificationPayload.apns; sourceTree = "<group>"; };
		809384C727D9B89700AEE52A /* Home.swift */ = {isa = PBXFileReference; lastKnownFileType = sourcecode.swift; path = Home.swift; sourceTree = "<group>"; };
		809384C927D9B8B900AEE52A /* ExcersiceListView.swift */ = {isa = PBXFileReference; lastKnownFileType = sourcecode.swift; path = ExcersiceListView.swift; sourceTree = "<group>"; };
		809384CD27D9BD7200AEE52A /* Account.swift */ = {isa = PBXFileReference; lastKnownFileType = sourcecode.swift; path = Account.swift; sourceTree = "<group>"; };
		809384D327DABD7200AEE52A /* Info.plist */ = {isa = PBXFileReference; lastKnownFileType = text.plist; path = Info.plist; sourceTree = "<group>"; };
		80ED973427DB13F000E3B68A /* GoogleService-Info.plist */ = {isa = PBXFileReference; fileEncoding = 4; lastKnownFileType = text.plist.xml; path = "GoogleService-Info.plist"; sourceTree = "<group>"; };
		80ED977327DE93F000E3B68A /* Excercise.swift */ = {isa = PBXFileReference; lastKnownFileType = sourcecode.swift; path = Excercise.swift; sourceTree = "<group>"; };
		80ED977727DEE08700E3B68A /* CardView.swift */ = {isa = PBXFileReference; lastKnownFileType = sourcecode.swift; path = CardView.swift; sourceTree = "<group>"; };
		80ED977927E10CEE00E3B68A /* DetailView.swift */ = {isa = PBXFileReference; lastKnownFileType = sourcecode.swift; path = DetailView.swift; sourceTree = "<group>"; };
/* End PBXFileReference section */

/* Begin PBXFrameworksBuildPhase section */
		8093846C27D7136900AEE52A /* Frameworks */ = {
			isa = PBXFrameworksBuildPhase;
			buildActionMask = 2147483647;
			files = (
				80ED971D27DB0C9300E3B68A /* FirebaseAnalytics in Frameworks */,
				80ED972927DB0C9300E3B68A /* FirebaseFunctions in Frameworks */,
				80ED972D27DB0C9300E3B68A /* FirebaseStorage in Frameworks */,
				80ED972127DB0C9300E3B68A /* FirebaseAppCheck in Frameworks */,
				80ED972B27DB0C9300E3B68A /* FirebaseFunctionsSwift-Beta in Frameworks */,
				80ED972F27DB0C9300E3B68A /* FirebaseStorageSwift-Beta in Frameworks */,
				80ED971F27DB0C9300E3B68A /* FirebaseAnalyticsWithoutAdIdSupport in Frameworks */,
				80ED972727DB0C9300E3B68A /* FirebaseFirestoreSwift-Beta in Frameworks */,
				80ED972527DB0C9300E3B68A /* FirebaseFirestore in Frameworks */,
				80ED972327DB0C9300E3B68A /* FirebaseAuth in Frameworks */,
			);
			runOnlyForDeploymentPostprocessing = 0;
		};
		8093848527D7136B00AEE52A /* Frameworks */ = {
			isa = PBXFrameworksBuildPhase;
			buildActionMask = 2147483647;
			files = (
			);
			runOnlyForDeploymentPostprocessing = 0;
		};
/* End PBXFrameworksBuildPhase section */

/* Begin PBXGroup section */
		8093846627D7136900AEE52A = {
			isa = PBXGroup;
			children = (
				8093847127D7136900AEE52A /* workoutTracker */,
				8093848127D7136A00AEE52A /* workoutTracker WatchKit App */,
				8093848C27D7136B00AEE52A /* workoutTracker WatchKit Extension */,
				8093847027D7136900AEE52A /* Products */,
			);
			sourceTree = "<group>";
		};
		8093847027D7136900AEE52A /* Products */ = {
			isa = PBXGroup;
			children = (
				8093846F27D7136900AEE52A /* workoutTracker.app */,
				8093847D27D7136A00AEE52A /* workoutTracker WatchKit App.app */,
				8093848827D7136B00AEE52A /* workoutTracker WatchKit Extension.appex */,
			);
			name = Products;
			sourceTree = "<group>";
		};
		8093847127D7136900AEE52A /* workoutTracker */ = {
			isa = PBXGroup;
			children = (
				80ED977227DE93C500E3B68A /* Models */,
				809384D327DABD7200AEE52A /* Info.plist */,
				8093847227D7136900AEE52A /* WorkoutTrackerApp.swift */,
				80ED977727DEE08700E3B68A /* CardView.swift */,
				8093847427D7136900AEE52A /* WorkoutView.swift */,
				806D8AD827E3790A002234AB /* ExcersiceEditView.swift */,
				80ED977927E10CEE00E3B68A /* DetailView.swift */,
				809384CD27D9BD7200AEE52A /* Account.swift */,
				809384C727D9B89700AEE52A /* Home.swift */,
				809384C927D9B8B900AEE52A /* ExcersiceListView.swift */,
				80ED973427DB13F000E3B68A /* GoogleService-Info.plist */,
				8093847627D7136A00AEE52A /* Assets.xcassets */,
				8093847827D7136A00AEE52A /* Preview Content */,
			);
			path = workoutTracker;
			sourceTree = "<group>";
		};
		8093847827D7136A00AEE52A /* Preview Content */ = {
			isa = PBXGroup;
			children = (
				8093847927D7136A00AEE52A /* Preview Assets.xcassets */,
			);
			path = "Preview Content";
			sourceTree = "<group>";
		};
		8093848127D7136A00AEE52A /* workoutTracker WatchKit App */ = {
			isa = PBXGroup;
			children = (
				8093848227D7136B00AEE52A /* Assets.xcassets */,
			);
			path = "workoutTracker WatchKit App";
			sourceTree = "<group>";
		};
		8093848C27D7136B00AEE52A /* workoutTracker WatchKit Extension */ = {
			isa = PBXGroup;
			children = (
				8093848D27D7136B00AEE52A /* workoutTrackerApp.swift */,
				8093848F27D7136B00AEE52A /* ContentView.swift */,
				8093849127D7136B00AEE52A /* NotificationController.swift */,
				8093849327D7136B00AEE52A /* NotificationView.swift */,
				8093849527D7136B00AEE52A /* ComplicationController.swift */,
				8093849727D7136B00AEE52A /* Assets.xcassets */,
				8093849C27D7136B00AEE52A /* Info.plist */,
				8093849D27D7136B00AEE52A /* PushNotificationPayload.apns */,
				8093849927D7136B00AEE52A /* Preview Content */,
			);
			path = "workoutTracker WatchKit Extension";
			sourceTree = "<group>";
		};
		8093849927D7136B00AEE52A /* Preview Content */ = {
			isa = PBXGroup;
			children = (
				8093849A27D7136B00AEE52A /* Preview Assets.xcassets */,
			);
			path = "Preview Content";
			sourceTree = "<group>";
		};
		80ED977227DE93C500E3B68A /* Models */ = {
			isa = PBXGroup;
			children = (
				80ED977327DE93F000E3B68A /* Excercise.swift */,
				806D8AD627E23530002234AB /* Workout.swift */,
			);
			path = Models;
			sourceTree = "<group>";
		};
/* End PBXGroup section */

/* Begin PBXNativeTarget section */
		8093846E27D7136900AEE52A /* workoutTracker */ = {
			isa = PBXNativeTarget;
			buildConfigurationList = 809384A827D7136B00AEE52A /* Build configuration list for PBXNativeTarget "workoutTracker" */;
			buildPhases = (
				8093846B27D7136900AEE52A /* Sources */,
				8093846C27D7136900AEE52A /* Frameworks */,
				8093846D27D7136900AEE52A /* Resources */,
				809384A727D7136B00AEE52A /* Embed Watch Content */,
			);
			buildRules = (
			);
			dependencies = (
				8093848027D7136A00AEE52A /* PBXTargetDependency */,
			);
			name = workoutTracker;
			packageProductDependencies = (
				80ED971C27DB0C9300E3B68A /* FirebaseAnalytics */,
				80ED971E27DB0C9300E3B68A /* FirebaseAnalyticsWithoutAdIdSupport */,
				80ED972027DB0C9300E3B68A /* FirebaseAppCheck */,
				80ED972227DB0C9300E3B68A /* FirebaseAuth */,
				80ED972427DB0C9300E3B68A /* FirebaseFirestore */,
				80ED972627DB0C9300E3B68A /* FirebaseFirestoreSwift-Beta */,
				80ED972827DB0C9300E3B68A /* FirebaseFunctions */,
				80ED972A27DB0C9300E3B68A /* FirebaseFunctionsSwift-Beta */,
				80ED972C27DB0C9300E3B68A /* FirebaseStorage */,
				80ED972E27DB0C9300E3B68A /* FirebaseStorageSwift-Beta */,
			);
			productName = workoutTracker;
			productReference = 8093846F27D7136900AEE52A /* workoutTracker.app */;
			productType = "com.apple.product-type.application";
		};
		8093847C27D7136A00AEE52A /* workoutTracker WatchKit App */ = {
			isa = PBXNativeTarget;
			buildConfigurationList = 809384A427D7136B00AEE52A /* Build configuration list for PBXNativeTarget "workoutTracker WatchKit App" */;
			buildPhases = (
				8093847B27D7136A00AEE52A /* Resources */,
				809384A327D7136B00AEE52A /* Embed App Extensions */,
			);
			buildRules = (
			);
			dependencies = (
				8093848B27D7136B00AEE52A /* PBXTargetDependency */,
			);
			name = "workoutTracker WatchKit App";
			productName = "workoutTracker WatchKit App";
			productReference = 8093847D27D7136A00AEE52A /* workoutTracker WatchKit App.app */;
			productType = "com.apple.product-type.application.watchapp2";
		};
		8093848727D7136B00AEE52A /* workoutTracker WatchKit Extension */ = {
			isa = PBXNativeTarget;
			buildConfigurationList = 809384A027D7136B00AEE52A /* Build configuration list for PBXNativeTarget "workoutTracker WatchKit Extension" */;
			buildPhases = (
				8093848427D7136B00AEE52A /* Sources */,
				8093848527D7136B00AEE52A /* Frameworks */,
				8093848627D7136B00AEE52A /* Resources */,
			);
			buildRules = (
			);
			dependencies = (
			);
			name = "workoutTracker WatchKit Extension";
			productName = "workoutTracker WatchKit Extension";
			productReference = 8093848827D7136B00AEE52A /* workoutTracker WatchKit Extension.appex */;
			productType = "com.apple.product-type.watchkit2-extension";
		};
/* End PBXNativeTarget section */

/* Begin PBXProject section */
		8093846727D7136900AEE52A /* Project object */ = {
			isa = PBXProject;
			attributes = {
				BuildIndependentTargetsInParallel = 1;
				LastSwiftUpdateCheck = 1320;
				LastUpgradeCheck = 1320;
				TargetAttributes = {
					8093846E27D7136900AEE52A = {
						CreatedOnToolsVersion = 13.2.1;
					};
					8093847C27D7136A00AEE52A = {
						CreatedOnToolsVersion = 13.2.1;
					};
					8093848727D7136B00AEE52A = {
						CreatedOnToolsVersion = 13.2.1;
					};
				};
			};
			buildConfigurationList = 8093846A27D7136900AEE52A /* Build configuration list for PBXProject "workoutTracker" */;
			compatibilityVersion = "Xcode 13.0";
			developmentRegion = en;
			hasScannedForEncodings = 0;
			knownRegions = (
				en,
				Base,
			);
			mainGroup = 8093846627D7136900AEE52A;
			packageReferences = (
				80ED971B27DB0C9300E3B68A /* XCRemoteSwiftPackageReference "firebase-ios-sdk" */,
			);
			productRefGroup = 8093847027D7136900AEE52A /* Products */;
			projectDirPath = "";
			projectRoot = "";
			targets = (
				8093846E27D7136900AEE52A /* workoutTracker */,
				8093847C27D7136A00AEE52A /* workoutTracker WatchKit App */,
				8093848727D7136B00AEE52A /* workoutTracker WatchKit Extension */,
			);
		};
/* End PBXProject section */

/* Begin PBXResourcesBuildPhase section */
		8093846D27D7136900AEE52A /* Resources */ = {
			isa = PBXResourcesBuildPhase;
			buildActionMask = 2147483647;
			files = (
				8093847A27D7136A00AEE52A /* Preview Assets.xcassets in Resources */,
				8093847727D7136A00AEE52A /* Assets.xcassets in Resources */,
				80ED973527DB13F000E3B68A /* GoogleService-Info.plist in Resources */,
			);
			runOnlyForDeploymentPostprocessing = 0;
		};
		8093847B27D7136A00AEE52A /* Resources */ = {
			isa = PBXResourcesBuildPhase;
			buildActionMask = 2147483647;
			files = (
				8093848327D7136B00AEE52A /* Assets.xcassets in Resources */,
			);
			runOnlyForDeploymentPostprocessing = 0;
		};
		8093848627D7136B00AEE52A /* Resources */ = {
			isa = PBXResourcesBuildPhase;
			buildActionMask = 2147483647;
			files = (
				8093849B27D7136B00AEE52A /* Preview Assets.xcassets in Resources */,
				8093849827D7136B00AEE52A /* Assets.xcassets in Resources */,
			);
			runOnlyForDeploymentPostprocessing = 0;
		};
/* End PBXResourcesBuildPhase section */

/* Begin PBXSourcesBuildPhase section */
		8093846B27D7136900AEE52A /* Sources */ = {
			isa = PBXSourcesBuildPhase;
			buildActionMask = 2147483647;
			files = (
				80ED977827DEE08700E3B68A /* CardView.swift in Sources */,
				80ED977A27E10CEE00E3B68A /* DetailView.swift in Sources */,
				8093847527D7136900AEE52A /* WorkoutView.swift in Sources */,
				809384C827D9B89700AEE52A /* Home.swift in Sources */,
				806D8AD927E3790A002234AB /* ExcersiceEditView.swift in Sources */,
				8093847327D7136900AEE52A /* WorkoutTrackerApp.swift in Sources */,
				806D8AD727E23530002234AB /* Workout.swift in Sources */,
				80ED977427DE93F000E3B68A /* Excercise.swift in Sources */,
				809384CA27D9B8B900AEE52A /* ExcersiceListView.swift in Sources */,
				809384CE27D9BD7200AEE52A /* Account.swift in Sources */,
			);
			runOnlyForDeploymentPostprocessing = 0;
		};
		8093848427D7136B00AEE52A /* Sources */ = {
			isa = PBXSourcesBuildPhase;
			buildActionMask = 2147483647;
			files = (
				8093849227D7136B00AEE52A /* NotificationController.swift in Sources */,
				8093849027D7136B00AEE52A /* ContentView.swift in Sources */,
				8093849627D7136B00AEE52A /* ComplicationController.swift in Sources */,
				8093848E27D7136B00AEE52A /* workoutTrackerApp.swift in Sources */,
				8093849427D7136B00AEE52A /* NotificationView.swift in Sources */,
			);
			runOnlyForDeploymentPostprocessing = 0;
		};
/* End PBXSourcesBuildPhase section */

/* Begin PBXTargetDependency section */
		8093848027D7136A00AEE52A /* PBXTargetDependency */ = {
			isa = PBXTargetDependency;
			target = 8093847C27D7136A00AEE52A /* workoutTracker WatchKit App */;
			targetProxy = 8093847F27D7136A00AEE52A /* PBXContainerItemProxy */;
		};
		8093848B27D7136B00AEE52A /* PBXTargetDependency */ = {
			isa = PBXTargetDependency;
			target = 8093848727D7136B00AEE52A /* workoutTracker WatchKit Extension */;
			targetProxy = 8093848A27D7136B00AEE52A /* PBXContainerItemProxy */;
		};
/* End PBXTargetDependency section */

/* Begin XCBuildConfiguration section */
		8093849E27D7136B00AEE52A /* Debug */ = {
			isa = XCBuildConfiguration;
			buildSettings = {
				ALWAYS_SEARCH_USER_PATHS = NO;
				CLANG_ANALYZER_NONNULL = YES;
				CLANG_ANALYZER_NUMBER_OBJECT_CONVERSION = YES_AGGRESSIVE;
				CLANG_CXX_LANGUAGE_STANDARD = "gnu++17";
				CLANG_CXX_LIBRARY = "libc++";
				CLANG_ENABLE_MODULES = YES;
				CLANG_ENABLE_OBJC_ARC = YES;
				CLANG_ENABLE_OBJC_WEAK = YES;
				CLANG_WARN_BLOCK_CAPTURE_AUTORELEASING = YES;
				CLANG_WARN_BOOL_CONVERSION = YES;
				CLANG_WARN_COMMA = YES;
				CLANG_WARN_CONSTANT_CONVERSION = YES;
				CLANG_WARN_DEPRECATED_OBJC_IMPLEMENTATIONS = YES;
				CLANG_WARN_DIRECT_OBJC_ISA_USAGE = YES_ERROR;
				CLANG_WARN_DOCUMENTATION_COMMENTS = YES;
				CLANG_WARN_EMPTY_BODY = YES;
				CLANG_WARN_ENUM_CONVERSION = YES;
				CLANG_WARN_INFINITE_RECURSION = YES;
				CLANG_WARN_INT_CONVERSION = YES;
				CLANG_WARN_NON_LITERAL_NULL_CONVERSION = YES;
				CLANG_WARN_OBJC_IMPLICIT_RETAIN_SELF = YES;
				CLANG_WARN_OBJC_LITERAL_CONVERSION = YES;
				CLANG_WARN_OBJC_ROOT_CLASS = YES_ERROR;
				CLANG_WARN_QUOTED_INCLUDE_IN_FRAMEWORK_HEADER = YES;
				CLANG_WARN_RANGE_LOOP_ANALYSIS = YES;
				CLANG_WARN_STRICT_PROTOTYPES = YES;
				CLANG_WARN_SUSPICIOUS_MOVE = YES;
				CLANG_WARN_UNGUARDED_AVAILABILITY = YES_AGGRESSIVE;
				CLANG_WARN_UNREACHABLE_CODE = YES;
				CLANG_WARN__DUPLICATE_METHOD_MATCH = YES;
				COPY_PHASE_STRIP = NO;
				DEBUG_INFORMATION_FORMAT = dwarf;
				ENABLE_STRICT_OBJC_MSGSEND = YES;
				ENABLE_TESTABILITY = YES;
				GCC_C_LANGUAGE_STANDARD = gnu11;
				GCC_DYNAMIC_NO_PIC = NO;
				GCC_NO_COMMON_BLOCKS = YES;
				GCC_OPTIMIZATION_LEVEL = 0;
				GCC_PREPROCESSOR_DEFINITIONS = (
					"DEBUG=1",
					"$(inherited)",
				);
				GCC_WARN_64_TO_32_BIT_CONVERSION = YES;
				GCC_WARN_ABOUT_RETURN_TYPE = YES_ERROR;
				GCC_WARN_UNDECLARED_SELECTOR = YES;
				GCC_WARN_UNINITIALIZED_AUTOS = YES_AGGRESSIVE;
				GCC_WARN_UNUSED_FUNCTION = YES;
				GCC_WARN_UNUSED_VARIABLE = YES;
				MTL_ENABLE_DEBUG_INFO = INCLUDE_SOURCE;
				MTL_FAST_MATH = YES;
				ONLY_ACTIVE_ARCH = YES;
				SWIFT_ACTIVE_COMPILATION_CONDITIONS = DEBUG;
				SWIFT_OPTIMIZATION_LEVEL = "-Onone";
			};
			name = Debug;
		};
		8093849F27D7136B00AEE52A /* Release */ = {
			isa = XCBuildConfiguration;
			buildSettings = {
				ALWAYS_SEARCH_USER_PATHS = NO;
				CLANG_ANALYZER_NONNULL = YES;
				CLANG_ANALYZER_NUMBER_OBJECT_CONVERSION = YES_AGGRESSIVE;
				CLANG_CXX_LANGUAGE_STANDARD = "gnu++17";
				CLANG_CXX_LIBRARY = "libc++";
				CLANG_ENABLE_MODULES = YES;
				CLANG_ENABLE_OBJC_ARC = YES;
				CLANG_ENABLE_OBJC_WEAK = YES;
				CLANG_WARN_BLOCK_CAPTURE_AUTORELEASING = YES;
				CLANG_WARN_BOOL_CONVERSION = YES;
				CLANG_WARN_COMMA = YES;
				CLANG_WARN_CONSTANT_CONVERSION = YES;
				CLANG_WARN_DEPRECATED_OBJC_IMPLEMENTATIONS = YES;
				CLANG_WARN_DIRECT_OBJC_ISA_USAGE = YES_ERROR;
				CLANG_WARN_DOCUMENTATION_COMMENTS = YES;
				CLANG_WARN_EMPTY_BODY = YES;
				CLANG_WARN_ENUM_CONVERSION = YES;
				CLANG_WARN_INFINITE_RECURSION = YES;
				CLANG_WARN_INT_CONVERSION = YES;
				CLANG_WARN_NON_LITERAL_NULL_CONVERSION = YES;
				CLANG_WARN_OBJC_IMPLICIT_RETAIN_SELF = YES;
				CLANG_WARN_OBJC_LITERAL_CONVERSION = YES;
				CLANG_WARN_OBJC_ROOT_CLASS = YES_ERROR;
				CLANG_WARN_QUOTED_INCLUDE_IN_FRAMEWORK_HEADER = YES;
				CLANG_WARN_RANGE_LOOP_ANALYSIS = YES;
				CLANG_WARN_STRICT_PROTOTYPES = YES;
				CLANG_WARN_SUSPICIOUS_MOVE = YES;
				CLANG_WARN_UNGUARDED_AVAILABILITY = YES_AGGRESSIVE;
				CLANG_WARN_UNREACHABLE_CODE = YES;
				CLANG_WARN__DUPLICATE_METHOD_MATCH = YES;
				COPY_PHASE_STRIP = NO;
				DEBUG_INFORMATION_FORMAT = "dwarf-with-dsym";
				ENABLE_NS_ASSERTIONS = NO;
				ENABLE_STRICT_OBJC_MSGSEND = YES;
				GCC_C_LANGUAGE_STANDARD = gnu11;
				GCC_NO_COMMON_BLOCKS = YES;
				GCC_WARN_64_TO_32_BIT_CONVERSION = YES;
				GCC_WARN_ABOUT_RETURN_TYPE = YES_ERROR;
				GCC_WARN_UNDECLARED_SELECTOR = YES;
				GCC_WARN_UNINITIALIZED_AUTOS = YES_AGGRESSIVE;
				GCC_WARN_UNUSED_FUNCTION = YES;
				GCC_WARN_UNUSED_VARIABLE = YES;
				MTL_ENABLE_DEBUG_INFO = NO;
				MTL_FAST_MATH = YES;
				SWIFT_COMPILATION_MODE = wholemodule;
				SWIFT_OPTIMIZATION_LEVEL = "-O";
			};
			name = Release;
		};
		809384A127D7136B00AEE52A /* Debug */ = {
			isa = XCBuildConfiguration;
			buildSettings = {
				ASSETCATALOG_COMPILER_COMPLICATION_NAME = Complication;
				CODE_SIGN_STYLE = Automatic;
				CURRENT_PROJECT_VERSION = 1;
				DEVELOPMENT_ASSET_PATHS = "\"workoutTracker WatchKit Extension/Preview Content\"";
				DEVELOPMENT_TEAM = 46MQGX89AJ;
				ENABLE_PREVIEWS = YES;
				GENERATE_INFOPLIST_FILE = YES;
				INFOPLIST_FILE = "workoutTracker WatchKit Extension/Info.plist";
				INFOPLIST_KEY_CFBundleDisplayName = "workoutTracker WatchKit Extension";
				INFOPLIST_KEY_CLKComplicationPrincipalClass = "$(PRODUCT_MODULE_NAME).ComplicationController";
				INFOPLIST_KEY_NSHumanReadableCopyright = "";
				INFOPLIST_KEY_WKRunsIndependentlyOfCompanionApp = YES;
				LD_RUNPATH_SEARCH_PATHS = (
					"$(inherited)",
					"@executable_path/Frameworks",
					"@executable_path/../../Frameworks",
				);
				MARKETING_VERSION = 1.0;
				PRODUCT_BUNDLE_IDENTIFIER = com.vzhdanov.workoutTracker.watchkitapp.watchkitextension;
				PRODUCT_NAME = "${TARGET_NAME}";
				SDKROOT = watchos;
				SKIP_INSTALL = YES;
				SWIFT_EMIT_LOC_STRINGS = YES;
				SWIFT_VERSION = 5.0;
				TARGETED_DEVICE_FAMILY = 4;
				WATCHOS_DEPLOYMENT_TARGET = 8.3;
			};
			name = Debug;
		};
		809384A227D7136B00AEE52A /* Release */ = {
			isa = XCBuildConfiguration;
			buildSettings = {
				ASSETCATALOG_COMPILER_COMPLICATION_NAME = Complication;
				CODE_SIGN_STYLE = Automatic;
				CURRENT_PROJECT_VERSION = 1;
				DEVELOPMENT_ASSET_PATHS = "\"workoutTracker WatchKit Extension/Preview Content\"";
				DEVELOPMENT_TEAM = 46MQGX89AJ;
				ENABLE_PREVIEWS = YES;
				GENERATE_INFOPLIST_FILE = YES;
				INFOPLIST_FILE = "workoutTracker WatchKit Extension/Info.plist";
				INFOPLIST_KEY_CFBundleDisplayName = "workoutTracker WatchKit Extension";
				INFOPLIST_KEY_CLKComplicationPrincipalClass = "$(PRODUCT_MODULE_NAME).ComplicationController";
				INFOPLIST_KEY_NSHumanReadableCopyright = "";
				INFOPLIST_KEY_WKRunsIndependentlyOfCompanionApp = YES;
				LD_RUNPATH_SEARCH_PATHS = (
					"$(inherited)",
					"@executable_path/Frameworks",
					"@executable_path/../../Frameworks",
				);
				MARKETING_VERSION = 1.0;
				PRODUCT_BUNDLE_IDENTIFIER = com.vzhdanov.workoutTracker.watchkitapp.watchkitextension;
				PRODUCT_NAME = "${TARGET_NAME}";
				SDKROOT = watchos;
				SKIP_INSTALL = YES;
				SWIFT_EMIT_LOC_STRINGS = YES;
				SWIFT_VERSION = 5.0;
				TARGETED_DEVICE_FAMILY = 4;
				VALIDATE_PRODUCT = YES;
				WATCHOS_DEPLOYMENT_TARGET = 8.3;
			};
			name = Release;
		};
		809384A527D7136B00AEE52A /* Debug */ = {
			isa = XCBuildConfiguration;
			buildSettings = {
				ALWAYS_EMBED_SWIFT_STANDARD_LIBRARIES = YES;
				ASSETCATALOG_COMPILER_APPICON_NAME = AppIcon;
				ASSETCATALOG_COMPILER_GLOBAL_ACCENT_COLOR_NAME = AccentColor;
				CODE_SIGN_STYLE = Automatic;
				CURRENT_PROJECT_VERSION = 1;
				DEVELOPMENT_TEAM = 46MQGX89AJ;
				GENERATE_INFOPLIST_FILE = YES;
				IBSC_MODULE = workoutTracker_WatchKit_Extension;
				INFOPLIST_KEY_CFBundleDisplayName = "workoutTracker WatchKit App";
				INFOPLIST_KEY_UISupportedInterfaceOrientations = "UIInterfaceOrientationPortrait UIInterfaceOrientationPortraitUpsideDown";
				INFOPLIST_KEY_WKCompanionAppBundleIdentifier = com.vzhdanov.workoutTracker;
				MARKETING_VERSION = 1.0;
				PRODUCT_BUNDLE_IDENTIFIER = com.vzhdanov.workoutTracker.watchkitapp;
				PRODUCT_NAME = "$(TARGET_NAME)";
				SDKROOT = watchos;
				SKIP_INSTALL = YES;
				SWIFT_EMIT_LOC_STRINGS = YES;
				SWIFT_VERSION = 5.0;
				TARGETED_DEVICE_FAMILY = 4;
				WATCHOS_DEPLOYMENT_TARGET = 8.3;
			};
			name = Debug;
		};
		809384A627D7136B00AEE52A /* Release */ = {
			isa = XCBuildConfiguration;
			buildSettings = {
				ALWAYS_EMBED_SWIFT_STANDARD_LIBRARIES = YES;
				ASSETCATALOG_COMPILER_APPICON_NAME = AppIcon;
				ASSETCATALOG_COMPILER_GLOBAL_ACCENT_COLOR_NAME = AccentColor;
				CODE_SIGN_STYLE = Automatic;
				CURRENT_PROJECT_VERSION = 1;
				DEVELOPMENT_TEAM = 46MQGX89AJ;
				GENERATE_INFOPLIST_FILE = YES;
				IBSC_MODULE = workoutTracker_WatchKit_Extension;
				INFOPLIST_KEY_CFBundleDisplayName = "workoutTracker WatchKit App";
				INFOPLIST_KEY_UISupportedInterfaceOrientations = "UIInterfaceOrientationPortrait UIInterfaceOrientationPortraitUpsideDown";
				INFOPLIST_KEY_WKCompanionAppBundleIdentifier = com.vzhdanov.workoutTracker;
				MARKETING_VERSION = 1.0;
				PRODUCT_BUNDLE_IDENTIFIER = com.vzhdanov.workoutTracker.watchkitapp;
				PRODUCT_NAME = "$(TARGET_NAME)";
				SDKROOT = watchos;
				SKIP_INSTALL = YES;
				SWIFT_EMIT_LOC_STRINGS = YES;
				SWIFT_VERSION = 5.0;
				TARGETED_DEVICE_FAMILY = 4;
				VALIDATE_PRODUCT = YES;
				WATCHOS_DEPLOYMENT_TARGET = 8.3;
			};
			name = Release;
		};
		809384A927D7136B00AEE52A /* Debug */ = {
			isa = XCBuildConfiguration;
			buildSettings = {
				ASSETCATALOG_COMPILER_APPICON_NAME = AppIcon;
				ASSETCATALOG_COMPILER_GLOBAL_ACCENT_COLOR_NAME = AccentColor;
				CODE_SIGN_STYLE = Automatic;
				CURRENT_PROJECT_VERSION = 1;
				DEVELOPMENT_ASSET_PATHS = "\"workoutTracker/Preview Content\"";
				DEVELOPMENT_TEAM = 46MQGX89AJ;
				ENABLE_PREVIEWS = YES;
				GENERATE_INFOPLIST_FILE = YES;
				INFOPLIST_FILE = workoutTracker/Info.plist;
				INFOPLIST_KEY_UIApplicationSceneManifest_Generation = YES;
				INFOPLIST_KEY_UIApplicationSupportsIndirectInputEvents = YES;
				INFOPLIST_KEY_UISupportedInterfaceOrientations_iPad = "UIInterfaceOrientationPortrait UIInterfaceOrientationPortraitUpsideDown UIInterfaceOrientationLandscapeLeft UIInterfaceOrientationLandscapeRight";
				INFOPLIST_KEY_UISupportedInterfaceOrientations_iPhone = "UIInterfaceOrientationPortrait UIInterfaceOrientationLandscapeLeft UIInterfaceOrientationLandscapeRight";
				IPHONEOS_DEPLOYMENT_TARGET = 15.2;
				LD_RUNPATH_SEARCH_PATHS = (
					"$(inherited)",
					"@executable_path/Frameworks",
				);
				MARKETING_VERSION = 1.0;
				PRODUCT_BUNDLE_IDENTIFIER = com.vzhdanov.workoutTracker;
				PRODUCT_NAME = "$(TARGET_NAME)";
				SDKROOT = iphoneos;
				SWIFT_EMIT_LOC_STRINGS = YES;
				SWIFT_VERSION = 5.0;
				TARGETED_DEVICE_FAMILY = "1,2";
			};
			name = Debug;
		};
		809384AA27D7136B00AEE52A /* Release */ = {
			isa = XCBuildConfiguration;
			buildSettings = {
				ASSETCATALOG_COMPILER_APPICON_NAME = AppIcon;
				ASSETCATALOG_COMPILER_GLOBAL_ACCENT_COLOR_NAME = AccentColor;
				CODE_SIGN_STYLE = Automatic;
				CURRENT_PROJECT_VERSION = 1;
				DEVELOPMENT_ASSET_PATHS = "\"workoutTracker/Preview Content\"";
				DEVELOPMENT_TEAM = 46MQGX89AJ;
				ENABLE_PREVIEWS = YES;
				GENERATE_INFOPLIST_FILE = YES;
				INFOPLIST_FILE = workoutTracker/Info.plist;
				INFOPLIST_KEY_UIApplicationSceneManifest_Generation = YES;
				INFOPLIST_KEY_UIApplicationSupportsIndirectInputEvents = YES;
				INFOPLIST_KEY_UISupportedInterfaceOrientations_iPad = "UIInterfaceOrientationPortrait UIInterfaceOrientationPortraitUpsideDown UIInterfaceOrientationLandscapeLeft UIInterfaceOrientationLandscapeRight";
				INFOPLIST_KEY_UISupportedInterfaceOrientations_iPhone = "UIInterfaceOrientationPortrait UIInterfaceOrientationLandscapeLeft UIInterfaceOrientationLandscapeRight";
				IPHONEOS_DEPLOYMENT_TARGET = 15.2;
				LD_RUNPATH_SEARCH_PATHS = (
					"$(inherited)",
					"@executable_path/Frameworks",
				);
				MARKETING_VERSION = 1.0;
				PRODUCT_BUNDLE_IDENTIFIER = com.vzhdanov.workoutTracker;
				PRODUCT_NAME = "$(TARGET_NAME)";
				SDKROOT = iphoneos;
				SWIFT_EMIT_LOC_STRINGS = YES;
				SWIFT_VERSION = 5.0;
				TARGETED_DEVICE_FAMILY = "1,2";
				VALIDATE_PRODUCT = YES;
			};
			name = Release;
		};
/* End XCBuildConfiguration section */

/* Begin XCConfigurationList section */
		8093846A27D7136900AEE52A /* Build configuration list for PBXProject "workoutTracker" */ = {
			isa = XCConfigurationList;
			buildConfigurations = (
				8093849E27D7136B00AEE52A /* Debug */,
				8093849F27D7136B00AEE52A /* Release */,
			);
			defaultConfigurationIsVisible = 0;
			defaultConfigurationName = Release;
		};
		809384A027D7136B00AEE52A /* Build configuration list for PBXNativeTarget "workoutTracker WatchKit Extension" */ = {
			isa = XCConfigurationList;
			buildConfigurations = (
				809384A127D7136B00AEE52A /* Debug */,
				809384A227D7136B00AEE52A /* Release */,
			);
			defaultConfigurationIsVisible = 0;
			defaultConfigurationName = Release;
		};
		809384A427D7136B00AEE52A /* Build configuration list for PBXNativeTarget "workoutTracker WatchKit App" */ = {
			isa = XCConfigurationList;
			buildConfigurations = (
				809384A527D7136B00AEE52A /* Debug */,
				809384A627D7136B00AEE52A /* Release */,
			);
			defaultConfigurationIsVisible = 0;
			defaultConfigurationName = Release;
		};
		809384A827D7136B00AEE52A /* Build configuration list for PBXNativeTarget "workoutTracker" */ = {
			isa = XCConfigurationList;
			buildConfigurations = (
				809384A927D7136B00AEE52A /* Debug */,
				809384AA27D7136B00AEE52A /* Release */,
			);
			defaultConfigurationIsVisible = 0;
			defaultConfigurationName = Release;
		};
/* End XCConfigurationList section */

/* Begin XCRemoteSwiftPackageReference section */
		80ED971B27DB0C9300E3B68A /* XCRemoteSwiftPackageReference "firebase-ios-sdk" */ = {
			isa = XCRemoteSwiftPackageReference;
			repositoryURL = "https://github.com/firebase/firebase-ios-sdk";
			requirement = {
				kind = upToNextMajorVersion;
				minimumVersion = 8.0.0;
			};
		};
/* End XCRemoteSwiftPackageReference section */

/* Begin XCSwiftPackageProductDependency section */
		80ED971C27DB0C9300E3B68A /* FirebaseAnalytics */ = {
			isa = XCSwiftPackageProductDependency;
			package = 80ED971B27DB0C9300E3B68A /* XCRemoteSwiftPackageReference "firebase-ios-sdk" */;
			productName = FirebaseAnalytics;
		};
		80ED971E27DB0C9300E3B68A /* FirebaseAnalyticsWithoutAdIdSupport */ = {
			isa = XCSwiftPackageProductDependency;
			package = 80ED971B27DB0C9300E3B68A /* XCRemoteSwiftPackageReference "firebase-ios-sdk" */;
			productName = FirebaseAnalyticsWithoutAdIdSupport;
		};
		80ED972027DB0C9300E3B68A /* FirebaseAppCheck */ = {
			isa = XCSwiftPackageProductDependency;
			package = 80ED971B27DB0C9300E3B68A /* XCRemoteSwiftPackageReference "firebase-ios-sdk" */;
			productName = FirebaseAppCheck;
		};
		80ED972227DB0C9300E3B68A /* FirebaseAuth */ = {
			isa = XCSwiftPackageProductDependency;
			package = 80ED971B27DB0C9300E3B68A /* XCRemoteSwiftPackageReference "firebase-ios-sdk" */;
			productName = FirebaseAuth;
		};
		80ED972427DB0C9300E3B68A /* FirebaseFirestore */ = {
			isa = XCSwiftPackageProductDependency;
			package = 80ED971B27DB0C9300E3B68A /* XCRemoteSwiftPackageReference "firebase-ios-sdk" */;
			productName = FirebaseFirestore;
		};
		80ED972627DB0C9300E3B68A /* FirebaseFirestoreSwift-Beta */ = {
			isa = XCSwiftPackageProductDependency;
			package = 80ED971B27DB0C9300E3B68A /* XCRemoteSwiftPackageReference "firebase-ios-sdk" */;
			productName = "FirebaseFirestoreSwift-Beta";
		};
		80ED972827DB0C9300E3B68A /* FirebaseFunctions */ = {
			isa = XCSwiftPackageProductDependency;
			package = 80ED971B27DB0C9300E3B68A /* XCRemoteSwiftPackageReference "firebase-ios-sdk" */;
			productName = FirebaseFunctions;
		};
		80ED972A27DB0C9300E3B68A /* FirebaseFunctionsSwift-Beta */ = {
			isa = XCSwiftPackageProductDependency;
			package = 80ED971B27DB0C9300E3B68A /* XCRemoteSwiftPackageReference "firebase-ios-sdk" */;
			productName = "FirebaseFunctionsSwift-Beta";
		};
		80ED972C27DB0C9300E3B68A /* FirebaseStorage */ = {
			isa = XCSwiftPackageProductDependency;
			package = 80ED971B27DB0C9300E3B68A /* XCRemoteSwiftPackageReference "firebase-ios-sdk" */;
			productName = FirebaseStorage;
		};
		80ED972E27DB0C9300E3B68A /* FirebaseStorageSwift-Beta */ = {
			isa = XCSwiftPackageProductDependency;
			package = 80ED971B27DB0C9300E3B68A /* XCRemoteSwiftPackageReference "firebase-ios-sdk" */;
			productName = "FirebaseStorageSwift-Beta";
		};
/* End XCSwiftPackageProductDependency section */
	};
	rootObject = 8093846727D7136900AEE52A /* Project object */;
}
